
Microsoft Visual Studio Solution File, Format Version 12.00
# Visual Studio Version 17
VisualStudioVersion = 17.5.33530.505
MinimumVisualStudioVersion = 10.0.40219.1
Project("{FAE04EC0-301F-11D3-BF4B-00C04F79EFBC}") = "ProtectionProxy", "ProtectionProxy\ProtectionProxy.csproj", "{7E553C23-A3AF-4701-936C-5A829867158A}"
EndProject
Global
	GlobalSection(SolutionConfigurationPlatforms) = preSolution
		Debug|Any CPU = Debug|Any CPU
		Release|Any CPU = Release|Any CPU
	EndGlobalSection
	GlobalSection(ProjectConfigurationPlatforms) = postSolution
		{7E553C23-A3AF-4701-936C-5A829867158A}.Debug|Any CPU.ActiveCfg = Debug|Any CPU
		{7E553C23-A3AF-4701-936C-5A829867158A}.Debug|Any CPU.Build.0 = Debug|Any CPU
		{7E553C23-A3AF-4701-936C-5A829867158A}.Release|Any CPU.ActiveCfg = Release|Any CPU
		{7E553C23-A3AF-4701-936C-5A829867158A}.Release|Any CPU.Build.0 = Release|Any CPU
	EndGlobalSection
	GlobalSection(SolutionProperties) = preSolution
		HideSolutionNode = FALSE
	EndGlobalSection
	GlobalSection(ExtensibilityGlobals) = postSolution
		SolutionGuid = {263D71B1-F608-4342-A659-D044CDE4829A}
	EndGlobalSection
EndGlobal
