
Microsoft Visual Studio Solution File, Format Version 12.00
# Visual Studio Version 17
VisualStudioVersion = 17.5.33530.505
MinimumVisualStudioVersion = 10.0.40219.1
Project("{FAE04EC0-301F-11D3-BF4B-00C04F79EFBC}") = "FunctionalTemplateMethod", "FunctionalTemplateMethod\FunctionalTemplateMethod.csproj", "{910141F5-2DBE-4C12-BE06-A61DB11A20E7}"
EndProject
Global
	GlobalSection(SolutionConfigurationPlatforms) = preSolution
		Debug|Any CPU = Debug|Any CPU
		Release|Any CPU = Release|Any CPU
	EndGlobalSection
	GlobalSection(ProjectConfigurationPlatforms) = postSolution
		{910141F5-2DBE-4C12-BE06-A61DB11A20E7}.Debug|Any CPU.ActiveCfg = Debug|Any CPU
		{910141F5-2DBE-4C12-BE06-A61DB11A20E7}.Debug|Any CPU.Build.0 = Debug|Any CPU
		{910141F5-2DBE-4C12-BE06-A61DB11A20E7}.Release|Any CPU.ActiveCfg = Release|Any CPU
		{910141F5-2DBE-4C12-BE06-A61DB11A20E7}.Release|Any CPU.Build.0 = Release|Any CPU
	EndGlobalSection
	GlobalSection(SolutionProperties) = preSolution
		HideSolutionNode = FALSE
	EndGlobalSection
	GlobalSection(ExtensibilityGlobals) = postSolution
		SolutionGuid = {02DEBC03-06E8-4AE4-80F0-B3B9E8AC1AB0}
	EndGlobalSection
EndGlobal
