
Microsoft Visual Studio Solution File, Format Version 12.00
# Visual Studio Version 17
VisualStudioVersion = 17.2.32630.192
MinimumVisualStudioVersion = 10.0.40219.1
Project("{FAE04EC0-301F-11D3-BF4B-00C04F79EFBC}") = "Builder_Facats", "Builder_Facats\Builder_Facats.csproj", "{A505A47C-C835-4FA9-AE91-F37696AB18B6}"
EndProject
Global
	GlobalSection(SolutionConfigurationPlatforms) = preSolution
		Debug|Any CPU = Debug|Any CPU
		Release|Any CPU = Release|Any CPU
	EndGlobalSection
	GlobalSection(ProjectConfigurationPlatforms) = postSolution
		{A505A47C-C835-4FA9-AE91-F37696AB18B6}.Debug|Any CPU.ActiveCfg = Debug|Any CPU
		{A505A47C-C835-4FA9-AE91-F37696AB18B6}.Debug|Any CPU.Build.0 = Debug|Any CPU
		{A505A47C-C835-4FA9-AE91-F37696AB18B6}.Release|Any CPU.ActiveCfg = Release|Any CPU
		{A505A47C-C835-4FA9-AE91-F37696AB18B6}.Release|Any CPU.Build.0 = Release|Any CPU
	EndGlobalSection
	GlobalSection(SolutionProperties) = preSolution
		HideSolutionNode = FALSE
	EndGlobalSection
	GlobalSection(ExtensibilityGlobals) = postSolution
		SolutionGuid = {AAE70376-C5CE-45AB-BE43-D3D5D75432C0}
	EndGlobalSection
EndGlobal
