
Microsoft Visual Studio Solution File, Format Version 12.00
# Visual Studio Version 17
VisualStudioVersion = 17.5.33530.505
MinimumVisualStudioVersion = 10.0.40219.1
Project("{FAE04EC0-301F-11D3-BF4B-00C04F79EFBC}") = "ChatRoom", "ChatRoom\ChatRoom.csproj", "{DDEBD938-D41B-4305-ACAD-9AA91FA7F201}"
EndProject
Global
	GlobalSection(SolutionConfigurationPlatforms) = preSolution
		Debug|Any CPU = Debug|Any CPU
		Release|Any CPU = Release|Any CPU
	EndGlobalSection
	GlobalSection(ProjectConfigurationPlatforms) = postSolution
		{DDEBD938-D41B-4305-ACAD-9AA91FA7F201}.Debug|Any CPU.ActiveCfg = Debug|Any CPU
		{DDEBD938-D41B-4305-ACAD-9AA91FA7F201}.Debug|Any CPU.Build.0 = Debug|Any CPU
		{DDEBD938-D41B-4305-ACAD-9AA91FA7F201}.Release|Any CPU.ActiveCfg = Release|Any CPU
		{DDEBD938-D41B-4305-ACAD-9AA91FA7F201}.Release|Any CPU.Build.0 = Release|Any CPU
	EndGlobalSection
	GlobalSection(SolutionProperties) = preSolution
		HideSolutionNode = FALSE
	EndGlobalSection
	GlobalSection(ExtensibilityGlobals) = postSolution
		SolutionGuid = {3537A46D-5380-4F53-B93C-7F7A3F25E36C}
	EndGlobalSection
EndGlobal
