
Microsoft Visual Studio Solution File, Format Version 12.00
# Visual Studio Version 17
VisualStudioVersion = 17.5.33530.505
MinimumVisualStudioVersion = 10.0.40219.1
Project("{FAE04EC0-301F-11D3-BF4B-00C04F79EFBC}") = "ObserverInterfaces", "ObserverInterfaces\ObserverInterfaces.csproj", "{EFD5223D-9906-4146-9136-996812B38732}"
EndProject
Global
	GlobalSection(SolutionConfigurationPlatforms) = preSolution
		Debug|Any CPU = Debug|Any CPU
		Release|Any CPU = Release|Any CPU
	EndGlobalSection
	GlobalSection(ProjectConfigurationPlatforms) = postSolution
		{EFD5223D-9906-4146-9136-996812B38732}.Debug|Any CPU.ActiveCfg = Debug|Any CPU
		{EFD5223D-9906-4146-9136-996812B38732}.Debug|Any CPU.Build.0 = Debug|Any CPU
		{EFD5223D-9906-4146-9136-996812B38732}.Release|Any CPU.ActiveCfg = Release|Any CPU
		{EFD5223D-9906-4146-9136-996812B38732}.Release|Any CPU.Build.0 = Release|Any CPU
	EndGlobalSection
	GlobalSection(SolutionProperties) = preSolution
		HideSolutionNode = FALSE
	EndGlobalSection
	GlobalSection(ExtensibilityGlobals) = postSolution
		SolutionGuid = {38D4D1B9-BACE-41D2-A6BB-7ACB9A88D758}
	EndGlobalSection
EndGlobal
