
Microsoft Visual Studio Solution File, Format Version 12.00
# Visual Studio Version 17
VisualStudioVersion = 17.2.32630.192
MinimumVisualStudioVersion = 10.0.40219.1
Project("{FAE04EC0-301F-11D3-BF4B-00C04F79EFBC}") = "BuilderInheritance", "BuilderInheritance\BuilderInheritance.csproj", "{454F9987-44B0-46AE-8A04-35DC65C98567}"
EndProject
Global
	GlobalSection(SolutionConfigurationPlatforms) = preSolution
		Debug|Any CPU = Debug|Any CPU
		Release|Any CPU = Release|Any CPU
	EndGlobalSection
	GlobalSection(ProjectConfigurationPlatforms) = postSolution
		{454F9987-44B0-46AE-8A04-35DC65C98567}.Debug|Any CPU.ActiveCfg = Debug|Any CPU
		{454F9987-44B0-46AE-8A04-35DC65C98567}.Debug|Any CPU.Build.0 = Debug|Any CPU
		{454F9987-44B0-46AE-8A04-35DC65C98567}.Release|Any CPU.ActiveCfg = Release|Any CPU
		{454F9987-44B0-46AE-8A04-35DC65C98567}.Release|Any CPU.Build.0 = Release|Any CPU
	EndGlobalSection
	GlobalSection(SolutionProperties) = preSolution
		HideSolutionNode = FALSE
	EndGlobalSection
	GlobalSection(ExtensibilityGlobals) = postSolution
		SolutionGuid = {D1648371-1161-45DC-B9E4-96341BE9FA48}
	EndGlobalSection
EndGlobal
