
Microsoft Visual Studio Solution File, Format Version 12.00
# Visual Studio Version 17
VisualStudioVersion = 17.5.33530.505
MinimumVisualStudioVersion = 10.0.40219.1
Project("{FAE04EC0-301F-11D3-BF4B-00C04F79EFBC}") = "DynamicProxy", "DynamicProxy\DynamicProxy.csproj", "{4162D062-8E9E-4F40-B9EA-E1725DCC30FD}"
EndProject
Global
	GlobalSection(SolutionConfigurationPlatforms) = preSolution
		Debug|Any CPU = Debug|Any CPU
		Release|Any CPU = Release|Any CPU
	EndGlobalSection
	GlobalSection(ProjectConfigurationPlatforms) = postSolution
		{4162D062-8E9E-4F40-B9EA-E1725DCC30FD}.Debug|Any CPU.ActiveCfg = Debug|Any CPU
		{4162D062-8E9E-4F40-B9EA-E1725DCC30FD}.Debug|Any CPU.Build.0 = Debug|Any CPU
		{4162D062-8E9E-4F40-B9EA-E1725DCC30FD}.Release|Any CPU.ActiveCfg = Release|Any CPU
		{4162D062-8E9E-4F40-B9EA-E1725DCC30FD}.Release|Any CPU.Build.0 = Release|Any CPU
	EndGlobalSection
	GlobalSection(SolutionProperties) = preSolution
		HideSolutionNode = FALSE
	EndGlobalSection
	GlobalSection(ExtensibilityGlobals) = postSolution
		SolutionGuid = {5E555AF8-679C-4CF3-AA12-8B9406958B1A}
	EndGlobalSection
EndGlobal
