
Microsoft Visual Studio Solution File, Format Version 12.00
# Visual Studio Version 17
VisualStudioVersion = 17.5.33530.505
MinimumVisualStudioVersion = 10.0.40219.1
Project("{9A19103F-16F7-4668-BE54-9A1E7A4F7556}") = "Singleton", "Singleton\Singleton.csproj", "{60C94FF1-1CDE-4066-B458-129F275B7827}"
EndProject
Project("{FAE04EC0-301F-11D3-BF4B-00C04F79EFBC}") = "SingletonTests1", "SingletonTests1\SingletonTests1.csproj", "{D8902382-F112-43A0-98B1-D91393B0B0E2}"
EndProject
Global
	GlobalSection(SolutionConfigurationPlatforms) = preSolution
		Debug|Any CPU = Debug|Any CPU
		Release|Any CPU = Release|Any CPU
	EndGlobalSection
	GlobalSection(ProjectConfigurationPlatforms) = postSolution
		{60C94FF1-1CDE-4066-B458-129F275B7827}.Debug|Any CPU.ActiveCfg = Debug|Any CPU
		{60C94FF1-1CDE-4066-B458-129F275B7827}.Debug|Any CPU.Build.0 = Debug|Any CPU
		{60C94FF1-1CDE-4066-B458-129F275B7827}.Release|Any CPU.ActiveCfg = Release|Any CPU
		{60C94FF1-1CDE-4066-B458-129F275B7827}.Release|Any CPU.Build.0 = Release|Any CPU
		{D8902382-F112-43A0-98B1-D91393B0B0E2}.Debug|Any CPU.ActiveCfg = Debug|Any CPU
		{D8902382-F112-43A0-98B1-D91393B0B0E2}.Debug|Any CPU.Build.0 = Debug|Any CPU
		{D8902382-F112-43A0-98B1-D91393B0B0E2}.Release|Any CPU.ActiveCfg = Release|Any CPU
		{D8902382-F112-43A0-98B1-D91393B0B0E2}.Release|Any CPU.Build.0 = Release|Any CPU
	EndGlobalSection
	GlobalSection(SolutionProperties) = preSolution
		HideSolutionNode = FALSE
	EndGlobalSection
	GlobalSection(ExtensibilityGlobals) = postSolution
		SolutionGuid = {5C8A3328-8865-40A0-A1AC-F67568B72D8D}
	EndGlobalSection
EndGlobal
