
Microsoft Visual Studio Solution File, Format Version 12.00
# Visual Studio Version 17
VisualStudioVersion = 17.5.33530.505
MinimumVisualStudioVersion = 10.0.40219.1
Project("{FAE04EC0-301F-11D3-BF4B-00C04F79EFBC}") = "GeometricShapes", "GeometricShapes\GeometricShapes.csproj", "{4C2D1755-18C6-46A2-892A-07A9E6C80891}"
EndProject
Global
	GlobalSection(SolutionConfigurationPlatforms) = preSolution
		Debug|Any CPU = Debug|Any CPU
		Release|Any CPU = Release|Any CPU
	EndGlobalSection
	GlobalSection(ProjectConfigurationPlatforms) = postSolution
		{4C2D1755-18C6-46A2-892A-07A9E6C80891}.Debug|Any CPU.ActiveCfg = Debug|Any CPU
		{4C2D1755-18C6-46A2-892A-07A9E6C80891}.Debug|Any CPU.Build.0 = Debug|Any CPU
		{4C2D1755-18C6-46A2-892A-07A9E6C80891}.Release|Any CPU.ActiveCfg = Release|Any CPU
		{4C2D1755-18C6-46A2-892A-07A9E6C80891}.Release|Any CPU.Build.0 = Release|Any CPU
	EndGlobalSection
	GlobalSection(SolutionProperties) = preSolution
		HideSolutionNode = FALSE
	EndGlobalSection
	GlobalSection(ExtensibilityGlobals) = postSolution
		SolutionGuid = {76B67D38-2B22-4D56-887D-816BE3EFF4B9}
	EndGlobalSection
EndGlobal
